PODS:
  - Expecta (1.0.2)
  - SLCursorOffset (0.1.0)
  - Specta (1.0.3)

DEPENDENCIES:
  - Expecta
  - SLCursorOffset (from `../`)
  - Specta

EXTERNAL SOURCES:
  SLCursorOffset:
    :path: ../

SPEC CHECKSUMS:
  Expecta: 54e8a3530add08f4f0208c111355eda7cde74a53
  SLCursorOffset: 3bb30940a34eb7f3b44f8f64451a291c37435b46
  Specta: cf3e4188cf35375c3ee2cd03f8db8f1f4ef98234

COCOAPODS: 0.36.4
